
Microsoft Visual Studio Solution File, Format Version 12.00
Project("{FAE04EC0-301F-11D3-BF4B-00C04F79EFBC}") = "tutorial03", "tutorial03\tutorial03.csproj", "{D15521B7-DB1E-4A45-B85A-39288839DD09}"
EndProject
Global
	GlobalSection(SolutionConfigurationPlatforms) = preSolution
		Debug|Any CPU = Debug|Any CPU
		Release|Any CPU = Release|Any CPU
	EndGlobalSection
	GlobalSection(ProjectConfigurationPlatforms) = postSolution
		{D15521B7-DB1E-4A45-B85A-39288839DD09}.Debug|Any CPU.ActiveCfg = Debug|Any CPU
		{D15521B7-DB1E-4A45-B85A-39288839DD09}.Debug|Any CPU.Build.0 = Debug|Any CPU
		{D15521B7-DB1E-4A45-B85A-39288839DD09}.Release|Any CPU.ActiveCfg = Release|Any CPU
		{D15521B7-DB1E-4A45-B85A-39288839DD09}.Release|Any CPU.Build.0 = Release|Any CPU
	EndGlobalSection
EndGlobal
